
Microsoft Visual Studio Solution File, Format Version 12.00
# Visual Studio Version 17
VisualStudioVersion = 17.9.34407.89
MinimumVisualStudioVersion = 10.0.40219.1
Project("{FAE04EC0-301F-11D3-BF4B-00C04F79EFBC}") = "BulkyWeb", "BulkyWeb\BulkyWeb.csproj", "{7DDE3532-2939-475E-90B8-7A273DEF9DE7}"
EndProject
Global
	GlobalSection(SolutionConfigurationPlatforms) = preSolution
		Debug|Any CPU = Debug|Any CPU
		Release|Any CPU = Release|Any CPU
	EndGlobalSection
	GlobalSection(ProjectConfigurationPlatforms) = postSolution
		{7DDE3532-2939-475E-90B8-7A273DEF9DE7}.Debug|Any CPU.ActiveCfg = Debug|Any CPU
		{7DDE3532-2939-475E-90B8-7A273DEF9DE7}.Debug|Any CPU.Build.0 = Debug|Any CPU
		{7DDE3532-2939-475E-90B8-7A273DEF9DE7}.Release|Any CPU.ActiveCfg = Release|Any CPU
		{7DDE3532-2939-475E-90B8-7A273DEF9DE7}.Release|Any CPU.Build.0 = Release|Any CPU
	EndGlobalSection
	GlobalSection(SolutionProperties) = preSolution
		HideSolutionNode = FALSE
	EndGlobalSection
	GlobalSection(ExtensibilityGlobals) = postSolution
		SolutionGuid = {15959E76-5BA0-4C43-93CA-B7BDD1E8DFC7}
	EndGlobalSection
EndGlobal
